{
  "name": "test",
  "version": "1.0.0",
  "lockfileVersion": 2,
  "requires": true,
  "packages": {
    "": {
      "name": "test",
      "version": "1.0.0",
      "license": "ISC",
      "dependencies": {
        "@tencentcloud/call-uikit-wechat": "^1.4.0",
        "@tencentcloud/chat-uikit-wechat": "^1.1.3",
        "@vant/weapp": "^1.10.19",
        "moment": "^2.29.4",
        "vconsole": "^3.15.1"
      }
    },
    "node_modules/@babel/runtime": {
      "version": "7.22.6",
      "resolved": "https://registry.npmjs.org/@babel/runtime/-/runtime-7.22.6.tgz",
      "integrity": "sha512-wDb5pWm4WDdF6LFUde3Jl8WzPA+3ZbxYqkC6xAXuD3irdEHN1k0NfTRrJD8ZD378SJ61miMLCqIOXYhd8x+AJQ==",
      "dependencies": {
        "regenerator-runtime": "^0.13.11"
      },
      "engines": {
        "node": ">=6.9.0"
      }
    },
    "node_modules/@tencentcloud/call-uikit-wechat": {
      "version": "1.4.0",
      "resolved": "https://registry.npmjs.org/@tencentcloud/call-uikit-wechat/-/call-uikit-wechat-1.4.0.tgz",
      "integrity": "sha512-MtPAAc5X6tL6p/8BZ4Q/iCWtEhxn4WPmOUV6uQ7lpTF2+eoqcJEtEkNqPj+r/d/w2pOx9w3jmw/ncHUhfYxQbA==",
      "dependencies": {
        "tuicall-engine-wx": "^1.4.8"
      }
    },
    "node_modules/@tencentcloud/chat-uikit-wechat": {
      "version": "1.1.3",
      "resolved": "https://registry.npmjs.org/@tencentcloud/chat-uikit-wechat/-/chat-uikit-wechat-1.1.3.tgz",
      "integrity": "sha512-LZ/aiARqJF7u5SIrEFPSG3TA6XXxEUJPhsnR1OYUJqnT+z1Ot+wVHD3NaIpQW/8WR0IBVHMZJRRWVyGBEzcN5w==",
      "dependencies": {
        "aegis-mp-sdk": "1.36.7",
        "tim-profanity-filter-plugin": "^0.9.0",
        "tim-upload-plugin": "^1.1.0",
        "tim-wx-sdk": "^2.26.2"
      }
    },
    "node_modules/@vant/weapp": {
      "version": "1.10.19",
      "resolved": "https://registry.npmjs.org/@vant/weapp/-/weapp-1.10.19.tgz",
      "integrity": "sha512-RStOPlSELi9lqim9dGagguViUVMNnfZaEceZ248JZgPjn5TzL2nwwHGWl9VI69SBPC+5MPS+LXm7Z4jcdscFeg=="
    },
    "node_modules/aegis-mp-sdk": {
      "version": "1.36.7",
      "resolved": "https://registry.npmjs.org/aegis-mp-sdk/-/aegis-mp-sdk-1.36.7.tgz",
      "integrity": "sha512-NsvfeS98uFSC4I6ZbJm7dRnsPbgqbzUHKVF2s8PAQOwbjIaANxQNHwW1aw+QkW9HSgrOaWgjtkBFm+TOZ1Mj0A==",
      "dependencies": {
        "miniprogram-api-typings": "^3.6.0"
      }
    },
    "node_modules/copy-text-to-clipboard": {
      "version": "3.2.0",
      "resolved": "https://registry.npmjs.org/copy-text-to-clipboard/-/copy-text-to-clipboard-3.2.0.tgz",
      "integrity": "sha512-RnJFp1XR/LOBDckxTib5Qjr/PMfkatD0MUCQgdpqS8MdKiNUzBjAQBEN6oUy+jW7LI93BBG3DtMB2KOOKpGs2Q==",
      "engines": {
        "node": ">=12"
      },
      "funding": {
        "url": "https://github.com/sponsors/sindresorhus"
      }
    },
    "node_modules/core-js": {
      "version": "3.31.1",
      "resolved": "https://registry.npmjs.org/core-js/-/core-js-3.31.1.tgz",
      "integrity": "sha512-2sKLtfq1eFST7l7v62zaqXacPc7uG8ZAya8ogijLhTtaKNcpzpB4TMoTw2Si+8GYKRwFPMMtUT0263QFWFfqyQ==",
      "hasInstallScript": true,
      "funding": {
        "type": "opencollective",
        "url": "https://opencollective.com/core-js"
      }
    },
    "node_modules/miniprogram-api-typings": {
      "version": "3.9.1",
      "resolved": "https://registry.npmjs.org/miniprogram-api-typings/-/miniprogram-api-typings-3.9.1.tgz",
      "integrity": "sha512-oyratzOWyuFhBzONp06l0FBPu03ltCd1sRWoy2v38SnAKxtpZ8ySLTSEw//hIsBdocMda7fFZEjOG57L57mcUw=="
    },
    "node_modules/moment": {
      "version": "2.29.4",
      "resolved": "https://registry.npmjs.org/moment/-/moment-2.29.4.tgz",
      "integrity": "sha512-5LC9SOxjSc2HF6vO2CyuTDNivEdoz2IvyJJGj6X8DJ0eFyfszE0QiEd+iXmBvUP3WHxSjFH/vIsA0EN00cgr8w==",
      "engines": {
        "node": "*"
      }
    },
    "node_modules/mutation-observer": {
      "version": "1.0.3",
      "resolved": "https://registry.npmjs.org/mutation-observer/-/mutation-observer-1.0.3.tgz",
      "integrity": "sha512-M/O/4rF2h776hV7qGMZUH3utZLO/jK7p8rnNgGkjKUw8zCGjRQPxB8z6+5l8+VjRUQ3dNYu4vjqXYLr+U8ZVNA=="
    },
    "node_modules/regenerator-runtime": {
      "version": "0.13.11",
      "resolved": "https://registry.npmjs.org/regenerator-runtime/-/regenerator-runtime-0.13.11.tgz",
      "integrity": "sha512-kY1AZVr2Ra+t+piVaJ4gxaFaReZVH40AKNo7UCX6W+dEwBo/2oZJzqfuN1qLq1oL45o56cPaTXELwrTh8Fpggg=="
    },
    "node_modules/tim-profanity-filter-plugin": {
      "version": "0.9.0",
      "resolved": "https://registry.npmjs.org/tim-profanity-filter-plugin/-/tim-profanity-filter-plugin-0.9.0.tgz",
      "integrity": "sha512-SDlV3nJfOyohjg4stPMQDZ893WVgvlSwnSqY8hQhbcj80K+joFfeyRKKEkuRhvYWR0f2kn4MM1E0spnQjKN5bg=="
    },
    "node_modules/tim-upload-plugin": {
      "version": "1.2.0",
      "resolved": "https://registry.npmjs.org/tim-upload-plugin/-/tim-upload-plugin-1.2.0.tgz",
      "integrity": "sha512-ax+I9lnCcX384DQPy3s6U7ibgEzJyUh2LJBwsFyM2aYMt/mlXleu4MawtjO+pMk2auA8tceifzqUDgxsPH2Buw=="
    },
    "node_modules/tim-wx-sdk": {
      "version": "2.27.2",
      "resolved": "https://registry.npmjs.org/tim-wx-sdk/-/tim-wx-sdk-2.27.2.tgz",
      "integrity": "sha512-cmcbv+xMVip+9xhTczMjo9sbTfzXDJlNVd8N1y88/WyBr0nQaGk+XVSNUQR3O6mn22/tWzs3ESVaVLm6vMIVew=="
    },
    "node_modules/trtc-wx-sdk": {
      "version": "1.1.4",
      "resolved": "https://registry.npmjs.org/trtc-wx-sdk/-/trtc-wx-sdk-1.1.4.tgz",
      "integrity": "sha512-cc82UD2ObWFWoyWxW2XNUOYC4kW+NzjRgh2fof8BsAwSTJcHTJ90lNu6jBc5Tjgr/Hj4aKMphMtsx+j+2vIbTw=="
    },
    "node_modules/tsignaling-wx": {
      "version": "1.0.5",
      "resolved": "https://registry.npmjs.org/tsignaling-wx/-/tsignaling-wx-1.0.5.tgz",
      "integrity": "sha512-kiPw3Y0SubczziKj+UzKBjvHwwrKJbhctl0QhsL/dermzbmqZkm/BhpAM+eSbwvFRfAJ8/aezyfsMG5TOqOSCQ=="
    },
    "node_modules/tuicall-engine-wx": {
      "version": "1.4.9",
      "resolved": "https://registry.npmjs.org/tuicall-engine-wx/-/tuicall-engine-wx-1.4.9.tgz",
      "integrity": "sha512-xiC2Tli7MgW9y0J6RM+KPySOPoeMkWIOr1mShqsHzEnJfvLDdnJydrZnaifrvIrost/Pu8JRgv4GGhNxF3EzBA==",
      "dependencies": {
        "tim-wx-sdk": "^2.27.2",
        "trtc-wx-sdk": "^1.1.4",
        "tsignaling-wx": "^1.0.5"
      }
    },
    "node_modules/vconsole": {
      "version": "3.15.1",
      "resolved": "https://registry.npmjs.org/vconsole/-/vconsole-3.15.1.tgz",
      "integrity": "sha512-KH8XLdrq9T5YHJO/ixrjivHfmF2PC2CdVoK6RWZB4yftMykYIaXY1mxZYAic70vADM54kpMQF+dYmvl5NRNy1g==",
      "dependencies": {
        "@babel/runtime": "^7.17.2",
        "copy-text-to-clipboard": "^3.0.1",
        "core-js": "^3.11.0",
        "mutation-observer": "^1.0.3"
      }
    }
  },
  "dependencies": {
    "@babel/runtime": {
      "version": "7.22.6",
      "resolved": "https://registry.npmjs.org/@babel/runtime/-/runtime-7.22.6.tgz",
      "integrity": "sha512-wDb5pWm4WDdF6LFUde3Jl8WzPA+3ZbxYqkC6xAXuD3irdEHN1k0NfTRrJD8ZD378SJ61miMLCqIOXYhd8x+AJQ==",
      "requires": {
        "regenerator-runtime": "^0.13.11"
      }
    },
    "@tencentcloud/call-uikit-wechat": {
      "version": "1.4.0",
      "resolved": "https://registry.npmjs.org/@tencentcloud/call-uikit-wechat/-/call-uikit-wechat-1.4.0.tgz",
      "integrity": "sha512-MtPAAc5X6tL6p/8BZ4Q/iCWtEhxn4WPmOUV6uQ7lpTF2+eoqcJEtEkNqPj+r/d/w2pOx9w3jmw/ncHUhfYxQbA==",
      "requires": {
        "tuicall-engine-wx": "^1.4.8"
      }
    },
    "@tencentcloud/chat-uikit-wechat": {
      "version": "1.1.3",
      "resolved": "https://registry.npmjs.org/@tencentcloud/chat-uikit-wechat/-/chat-uikit-wechat-1.1.3.tgz",
      "integrity": "sha512-LZ/aiARqJF7u5SIrEFPSG3TA6XXxEUJPhsnR1OYUJqnT+z1Ot+wVHD3NaIpQW/8WR0IBVHMZJRRWVyGBEzcN5w==",
      "requires": {
        "aegis-mp-sdk": "1.36.7",
        "tim-profanity-filter-plugin": "^0.9.0",
        "tim-upload-plugin": "^1.1.0",
        "tim-wx-sdk": "^2.26.2"
      }
    },
    "@vant/weapp": {
      "version": "1.10.19",
      "resolved": "https://registry.npmjs.org/@vant/weapp/-/weapp-1.10.19.tgz",
      "integrity": "sha512-RStOPlSELi9lqim9dGagguViUVMNnfZaEceZ248JZgPjn5TzL2nwwHGWl9VI69SBPC+5MPS+LXm7Z4jcdscFeg=="
    },
    "aegis-mp-sdk": {
      "version": "1.36.7",
      "resolved": "https://registry.npmjs.org/aegis-mp-sdk/-/aegis-mp-sdk-1.36.7.tgz",
      "integrity": "sha512-NsvfeS98uFSC4I6ZbJm7dRnsPbgqbzUHKVF2s8PAQOwbjIaANxQNHwW1aw+QkW9HSgrOaWgjtkBFm+TOZ1Mj0A==",
      "requires": {
        "miniprogram-api-typings": "^3.6.0"
      }
    },
    "copy-text-to-clipboard": {
      "version": "3.2.0",
      "resolved": "https://registry.npmjs.org/copy-text-to-clipboard/-/copy-text-to-clipboard-3.2.0.tgz",
      "integrity": "sha512-RnJFp1XR/LOBDckxTib5Qjr/PMfkatD0MUCQgdpqS8MdKiNUzBjAQBEN6oUy+jW7LI93BBG3DtMB2KOOKpGs2Q=="
    },
    "core-js": {
      "version": "3.31.1",
      "resolved": "https://registry.npmjs.org/core-js/-/core-js-3.31.1.tgz",
      "integrity": "sha512-2sKLtfq1eFST7l7v62zaqXacPc7uG8ZAya8ogijLhTtaKNcpzpB4TMoTw2Si+8GYKRwFPMMtUT0263QFWFfqyQ=="
    },
    "miniprogram-api-typings": {
      "version": "3.9.1",
      "resolved": "https://registry.npmjs.org/miniprogram-api-typings/-/miniprogram-api-typings-3.9.1.tgz",
      "integrity": "sha512-oyratzOWyuFhBzONp06l0FBPu03ltCd1sRWoy2v38SnAKxtpZ8ySLTSEw//hIsBdocMda7fFZEjOG57L57mcUw=="
    },
    "moment": {
      "version": "2.29.4",
      "resolved": "https://registry.npmjs.org/moment/-/moment-2.29.4.tgz",
      "integrity": "sha512-5LC9SOxjSc2HF6vO2CyuTDNivEdoz2IvyJJGj6X8DJ0eFyfszE0QiEd+iXmBvUP3WHxSjFH/vIsA0EN00cgr8w=="
    },
    "mutation-observer": {
      "version": "1.0.3",
      "resolved": "https://registry.npmjs.org/mutation-observer/-/mutation-observer-1.0.3.tgz",
      "integrity": "sha512-M/O/4rF2h776hV7qGMZUH3utZLO/jK7p8rnNgGkjKUw8zCGjRQPxB8z6+5l8+VjRUQ3dNYu4vjqXYLr+U8ZVNA=="
    },
    "regenerator-runtime": {
      "version": "0.13.11",
      "resolved": "https://registry.npmjs.org/regenerator-runtime/-/regenerator-runtime-0.13.11.tgz",
      "integrity": "sha512-kY1AZVr2Ra+t+piVaJ4gxaFaReZVH40AKNo7UCX6W+dEwBo/2oZJzqfuN1qLq1oL45o56cPaTXELwrTh8Fpggg=="
    },
    "tim-profanity-filter-plugin": {
      "version": "0.9.0",
      "resolved": "https://registry.npmjs.org/tim-profanity-filter-plugin/-/tim-profanity-filter-plugin-0.9.0.tgz",
      "integrity": "sha512-SDlV3nJfOyohjg4stPMQDZ893WVgvlSwnSqY8hQhbcj80K+joFfeyRKKEkuRhvYWR0f2kn4MM1E0spnQjKN5bg=="
    },
    "tim-upload-plugin": {
      "version": "1.2.0",
      "resolved": "https://registry.npmjs.org/tim-upload-plugin/-/tim-upload-plugin-1.2.0.tgz",
      "integrity": "sha512-ax+I9lnCcX384DQPy3s6U7ibgEzJyUh2LJBwsFyM2aYMt/mlXleu4MawtjO+pMk2auA8tceifzqUDgxsPH2Buw=="
    },
    "tim-wx-sdk": {
      "version": "2.27.2",
      "resolved": "https://registry.npmjs.org/tim-wx-sdk/-/tim-wx-sdk-2.27.2.tgz",
      "integrity": "sha512-cmcbv+xMVip+9xhTczMjo9sbTfzXDJlNVd8N1y88/WyBr0nQaGk+XVSNUQR3O6mn22/tWzs3ESVaVLm6vMIVew=="
    },
    "trtc-wx-sdk": {
      "version": "1.1.4",
      "resolved": "https://registry.npmjs.org/trtc-wx-sdk/-/trtc-wx-sdk-1.1.4.tgz",
      "integrity": "sha512-cc82UD2ObWFWoyWxW2XNUOYC4kW+NzjRgh2fof8BsAwSTJcHTJ90lNu6jBc5Tjgr/Hj4aKMphMtsx+j+2vIbTw=="
    },
    "tsignaling-wx": {
      "version": "1.0.5",
      "resolved": "https://registry.npmjs.org/tsignaling-wx/-/tsignaling-wx-1.0.5.tgz",
      "integrity": "sha512-kiPw3Y0SubczziKj+UzKBjvHwwrKJbhctl0QhsL/dermzbmqZkm/BhpAM+eSbwvFRfAJ8/aezyfsMG5TOqOSCQ=="
    },
    "tuicall-engine-wx": {
      "version": "1.4.9",
      "resolved": "https://registry.npmjs.org/tuicall-engine-wx/-/tuicall-engine-wx-1.4.9.tgz",
      "integrity": "sha512-xiC2Tli7MgW9y0J6RM+KPySOPoeMkWIOr1mShqsHzEnJfvLDdnJydrZnaifrvIrost/Pu8JRgv4GGhNxF3EzBA==",
      "requires": {
        "tim-wx-sdk": "^2.27.2",
        "trtc-wx-sdk": "^1.1.4",
        "tsignaling-wx": "^1.0.5"
      }
    },
    "vconsole": {
      "version": "3.15.1",
      "resolved": "https://registry.npmjs.org/vconsole/-/vconsole-3.15.1.tgz",
      "integrity": "sha512-KH8XLdrq9T5YHJO/ixrjivHfmF2PC2CdVoK6RWZB4yftMykYIaXY1mxZYAic70vADM54kpMQF+dYmvl5NRNy1g==",
      "requires": {
        "@babel/runtime": "^7.17.2",
        "copy-text-to-clipboard": "^3.0.1",
        "core-js": "^3.11.0",
        "mutation-observer": "^1.0.3"
      }
    }
  }
}
